lockfileVersion: '9.0'

settings:
  autoInstallPeers: true
  excludeLinksFromLockfile: false

importers:

  .:
    dependencies:
      hls.js:
        specifier: 1.6.13
        version: 1.6.13

packages:

  hls.js@1.6.13:
    resolution: {integrity: sha512-hNEzjZNHf5bFrUNvdS4/1RjIanuJ6szpWNfTaX5I6WfGynWXGT7K/YQLYtemSvFExzeMdgdE4SsyVLJbd5PcZA==}

snapshots:

  hls.js@1.6.13: {}
